
Microsoft Visual Studio Solution File, Format Version 12.00
# Visual Studio Version 17
VisualStudioVersion = 17.13.35818.85 d17.13
MinimumVisualStudioVersion = 10.0.40219.1
Project("{FAE04EC0-301F-11D3-BF4B-00C04F79EFBC}") = "ZeroOne", "ZeroOne\ZeroOne.csproj", "{6335E530-7EA4-4C02-BA64-4AA349F52082}"
EndProject
Global
	GlobalSection(SolutionConfigurationPlatforms) = preSolution
		Debug|Any CPU = Debug|Any CPU
		Release|Any CPU = Release|Any CPU
	EndGlobalSection
	GlobalSection(ProjectConfigurationPlatforms) = postSolution
		{6335E530-7EA4-4C02-BA64-4AA349F52082}.Debug|Any CPU.ActiveCfg = Debug|Any CPU
		{6335E530-7EA4-4C02-BA64-4AA349F52082}.Debug|Any CPU.Build.0 = Debug|Any CPU
		{6335E530-7EA4-4C02-BA64-4AA349F52082}.Release|Any CPU.ActiveCfg = Release|Any CPU
		{6335E530-7EA4-4C02-BA64-4AA349F52082}.Release|Any CPU.Build.0 = Release|Any CPU
	EndGlobalSection
	GlobalSection(SolutionProperties) = preSolution
		HideSolutionNode = FALSE
	EndGlobalSection
	GlobalSection(ExtensibilityGlobals) = postSolution
		SolutionGuid = {11C9443B-5D99-4BFA-B5E8-FB4F803C3672}
	EndGlobalSection
EndGlobal
